
Microsoft Visual Studio Solution File, Format Version 12.00
# Visual Studio Version 17
VisualStudioVersion = 17.9.34728.123
MinimumVisualStudioVersion = 10.0.40219.1
Project("{FAE04EC0-301F-11D3-BF4B-00C04F79EFBC}") = "EcommerceSystem", "EcommerceSystem\EcommerceSystem.csproj", "{3D060E79-93C7-4A9D-A853-B42E31C3C2A5}"
EndProject
Project("{FAE04EC0-301F-11D3-BF4B-00C04F79EFBC}") = "busnessLayer", "busnessLayer\busnessLayer.csproj", "{54FCB9A4-6B54-43D0-A233-00758746DDA6}"
EndProject
Project("{FAE04EC0-301F-11D3-BF4B-00C04F79EFBC}") = "ModelLayer", "ModelLayer\ModelLayer.csproj", "{63AA5850-AACF-479B-9DEB-623C65F4AACB}"
EndProject
Project("{FAE04EC0-301F-11D3-BF4B-00C04F79EFBC}") = "RepositoryLayer", "RepositoryLayer\RepositoryLayer.csproj", "{2CC97312-56A4-4AEF-9432-E24C146F2316}"
EndProject
Global
	GlobalSection(SolutionConfigurationPlatforms) = preSolution
		Debug|Any CPU = Debug|Any CPU
		Release|Any CPU = Release|Any CPU
	EndGlobalSection
	GlobalSection(ProjectConfigurationPlatforms) = postSolution
		{3D060E79-93C7-4A9D-A853-B42E31C3C2A5}.Debug|Any CPU.ActiveCfg = Debug|Any CPU
		{3D060E79-93C7-4A9D-A853-B42E31C3C2A5}.Debug|Any CPU.Build.0 = Debug|Any CPU
		{3D060E79-93C7-4A9D-A853-B42E31C3C2A5}.Release|Any CPU.ActiveCfg = Release|Any CPU
		{3D060E79-93C7-4A9D-A853-B42E31C3C2A5}.Release|Any CPU.Build.0 = Release|Any CPU
		{54FCB9A4-6B54-43D0-A233-00758746DDA6}.Debug|Any CPU.ActiveCfg = Debug|Any CPU
		{54FCB9A4-6B54-43D0-A233-00758746DDA6}.Debug|Any CPU.Build.0 = Debug|Any CPU
		{54FCB9A4-6B54-43D0-A233-00758746DDA6}.Release|Any CPU.ActiveCfg = Release|Any CPU
		{54FCB9A4-6B54-43D0-A233-00758746DDA6}.Release|Any CPU.Build.0 = Release|Any CPU
		{63AA5850-AACF-479B-9DEB-623C65F4AACB}.Debug|Any CPU.ActiveCfg = Debug|Any CPU
		{63AA5850-AACF-479B-9DEB-623C65F4AACB}.Debug|Any CPU.Build.0 = Debug|Any CPU
		{63AA5850-AACF-479B-9DEB-623C65F4AACB}.Release|Any CPU.ActiveCfg = Release|Any CPU
		{63AA5850-AACF-479B-9DEB-623C65F4AACB}.Release|Any CPU.Build.0 = Release|Any CPU
		{2CC97312-56A4-4AEF-9432-E24C146F2316}.Debug|Any CPU.ActiveCfg = Debug|Any CPU
		{2CC97312-56A4-4AEF-9432-E24C146F2316}.Debug|Any CPU.Build.0 = Debug|Any CPU
		{2CC97312-56A4-4AEF-9432-E24C146F2316}.Release|Any CPU.ActiveCfg = Release|Any CPU
		{2CC97312-56A4-4AEF-9432-E24C146F2316}.Release|Any CPU.Build.0 = Release|Any CPU
	EndGlobalSection
	GlobalSection(SolutionProperties) = preSolution
		HideSolutionNode = FALSE
	EndGlobalSection
	GlobalSection(ExtensibilityGlobals) = postSolution
		SolutionGuid = {0B5EC2E1-2B05-4FB2-AA74-D65976723941}
	EndGlobalSection
EndGlobal
